{
  "name": "miniprogram",
  "version": "1.0.0",
  "lockfileVersion": 1,
  "requires": true,
  "dependencies": {
    "iview-weapp": {
      "version": "2.0.0",
      "resolved": "https://registry.npmjs.org/iview-weapp/-/iview-weapp-2.0.0.tgz",
      "integrity": "sha512-4MJSyYBit1kHLqsTuvxGfc5KEUXKjyvAjKkGYUncuOEqzWiiFMdB6b0aOVlIKwVNsfVVyI6HFnUm0ynCKmnyxQ=="
    },
    "vant-weapp": {
      "version": "0.4.6",
      "resolved": "https://registry.npmjs.org/vant-weapp/-/vant-weapp-0.4.6.tgz",
      "integrity": "sha512-ozcHaMAaZ6j6KoS/v8h0V8Voely7gaJJ63ukgt8CQwUypckTB7L/SmFc+Bqcn1wRUyZZizWMJPSOVQmTXMIf8Q=="
    },
    "weui-wxss": {
      "version": "http://registry.npm.taobao.org/weui-wxss/download/weui-wxss-1.1.1.tgz"
    }
  }
}
